// !$*UTF8*$!
{
	archiveVersion = 1;
	classes = {
	};
	objectVersion = 56;
	objects = {

/* Begin PBXBuildFile section */
		FCC63A522A05326700F175EB /* AppDelegate.swift in Sources */ = {isa = PBXBuildFile; fileRef = FCC63A512A05326700F175EB /* AppDelegate.swift */; };
		FCC63A562A05326700F175EB /* SimulationViewController.swift in Sources */ = {isa = PBXBuildFile; fileRef = FCC63A552A05326700F175EB /* SimulationViewController.swift */; };
		FCC63A5B2A05326900F175EB /* Assets.xcassets in Resources */ = {isa = PBXBuildFile; fileRef = FCC63A5A2A05326900F175EB /* Assets.xcassets */; };
		FCC63A5E2A05326900F175EB /* LaunchScreen.storyboard in Resources */ = {isa = PBXBuildFile; fileRef = FCC63A5C2A05326900F175EB /* LaunchScreen.storyboard */; };
		FCC63A662A0538FF00F175EB /* SimulationCollectionViewCell.swift in Sources */ = {isa = PBXBuildFile; fileRef = FCC63A652A0538FF00F175EB /* SimulationCollectionViewCell.swift */; };
		FCC63A692A06479A00F175EB /* Coordinator.swift in Sources */ = {isa = PBXBuildFile; fileRef = FCC63A682A06479A00F175EB /* Coordinator.swift */; };
		FCC63A6B2A0647B200F175EB /* AppCoordinator.swift in Sources */ = {isa = PBXBuildFile; fileRef = FCC63A6A2A0647B200F175EB /* AppCoordinator.swift */; };
		FCC63A6D2A06486C00F175EB /* SettingsViewController.swift in Sources */ = {isa = PBXBuildFile; fileRef = FCC63A6C2A06486C00F175EB /* SettingsViewController.swift */; };
		FCC63A702A06599B00F175EB /* SettingsAssembly.swift in Sources */ = {isa = PBXBuildFile; fileRef = FCC63A6F2A06599B00F175EB /* SettingsAssembly.swift */; };
		FCC63A722A0659A600F175EB /* SimulationAssembly.swift in Sources */ = {isa = PBXBuildFile; fileRef = FCC63A712A0659A600F175EB /* SimulationAssembly.swift */; };
		FCC63A762A06619900F175EB /* SettingsModel.swift in Sources */ = {isa = PBXBuildFile; fileRef = FCC63A752A06619900F175EB /* SettingsModel.swift */; };
		FCC63A792A0663F100F175EB /* SettingsViewModel.swift in Sources */ = {isa = PBXBuildFile; fileRef = FCC63A782A0663F100F175EB /* SettingsViewModel.swift */; };
		FCC63A7B2A06640B00F175EB /* SettingsViewModelProtocol.swift in Sources */ = {isa = PBXBuildFile; fileRef = FCC63A7A2A06640B00F175EB /* SettingsViewModelProtocol.swift */; };
		FCC63A7D2A0667A800F175EB /* SettingsNavigator.swift in Sources */ = {isa = PBXBuildFile; fileRef = FCC63A7C2A0667A800F175EB /* SettingsNavigator.swift */; };
		FCC63A7F2A06829800F175EB /* SettingStackView.swift in Sources */ = {isa = PBXBuildFile; fileRef = FCC63A7E2A06829800F175EB /* SettingStackView.swift */; };
		FCC63A842A06B67E00F175EB /* SimulationViewModel.swift in Sources */ = {isa = PBXBuildFile; fileRef = FCC63A832A06B67E00F175EB /* SimulationViewModel.swift */; };
		FCC63A882A06B71000F175EB /* SimulationViewModelProtocol.swift in Sources */ = {isa = PBXBuildFile; fileRef = FCC63A872A06B71000F175EB /* SimulationViewModelProtocol.swift */; };
		FCC63A8A2A06BCFB00F175EB /* InfectedNumberStackView.swift in Sources */ = {isa = PBXBuildFile; fileRef = FCC63A892A06BCFB00F175EB /* InfectedNumberStackView.swift */; };
		FCC63A8C2A07B08D00F175EB /* PersonModel.swift in Sources */ = {isa = PBXBuildFile; fileRef = FCC63A8B2A07B08D00F175EB /* PersonModel.swift */; };
		FCDC10AD2A0BC36D00896286 /* SimulationNavigator.swift in Sources */ = {isa = PBXBuildFile; fileRef = FCDC10AC2A0BC36D00896286 /* SimulationNavigator.swift */; };
/* End PBXBuildFile section */

/* Begin PBXFileReference section */
		FCC63A4E2A05326700F175EB /* Epidemix.app */ = {isa = PBXFileReference; explicitFileType = wrapper.application; includeInIndex = 0; path = Epidemix.app; sourceTree = BUILT_PRODUCTS_DIR; };
		FCC63A512A05326700F175EB /* AppDelegate.swift */ = {isa = PBXFileReference; lastKnownFileType = sourcecode.swift; path = AppDelegate.swift; sourceTree = "<group>"; };
		FCC63A552A05326700F175EB /* SimulationViewController.swift */ = {isa = PBXFileReference; lastKnownFileType = sourcecode.swift; path = SimulationViewController.swift; sourceTree = "<group>"; };
		FCC63A5A2A05326900F175EB /* Assets.xcassets */ = {isa = PBXFileReference; lastKnownFileType = folder.assetcatalog; path = Assets.xcassets; sourceTree = "<group>"; };
		FCC63A5D2A05326900F175EB /* Base */ = {isa = PBXFileReference; lastKnownFileType = file.storyboard; name = Base; path = Base.lproj/LaunchScreen.storyboard; sourceTree = "<group>"; };
		FCC63A5F2A05326900F175EB /* Info.plist */ = {isa = PBXFileReference; lastKnownFileType = text.plist.xml; path = Info.plist; sourceTree = "<group>"; };
		FCC63A652A0538FF00F175EB /* SimulationCollectionViewCell.swift */ = {isa = PBXFileReference; lastKnownFileType = sourcecode.swift; path = SimulationCollectionViewCell.swift; sourceTree = "<group>"; };
		FCC63A682A06479A00F175EB /* Coordinator.swift */ = {isa = PBXFileReference; lastKnownFileType = sourcecode.swift; path = Coordinator.swift; sourceTree = "<group>"; };
		FCC63A6A2A0647B200F175EB /* AppCoordinator.swift */ = {isa = PBXFileReference; lastKnownFileType = sourcecode.swift; path = AppCoordinator.swift; sourceTree = "<group>"; };
		FCC63A6C2A06486C00F175EB /* SettingsViewController.swift */ = {isa = PBXFileReference; lastKnownFileType = sourcecode.swift; path = SettingsViewController.swift; sourceTree = "<group>"; };
		FCC63A6F2A06599B00F175EB /* SettingsAssembly.swift */ = {isa = PBXFileReference; lastKnownFileType = sourcecode.swift; path = SettingsAssembly.swift; sourceTree = "<group>"; };
		FCC63A712A0659A600F175EB /* SimulationAssembly.swift */ = {isa = PBXFileReference; lastKnownFileType = sourcecode.swift; path = SimulationAssembly.swift; sourceTree = "<group>"; };
		FCC63A752A06619900F175EB /* SettingsModel.swift */ = {isa = PBXFileReference; lastKnownFileType = sourcecode.swift; path = SettingsModel.swift; sourceTree = "<group>"; };
		FCC63A782A0663F100F175EB /* SettingsViewModel.swift */ = {isa = PBXFileReference; lastKnownFileType = sourcecode.swift; path = SettingsViewModel.swift; sourceTree = "<group>"; };
		FCC63A7A2A06640B00F175EB /* SettingsViewModelProtocol.swift */ = {isa = PBXFileReference; lastKnownFileType = sourcecode.swift; path = SettingsViewModelProtocol.swift; sourceTree = "<group>"; };
		FCC63A7C2A0667A800F175EB /* SettingsNavigator.swift */ = {isa = PBXFileReference; lastKnownFileType = sourcecode.swift; path = SettingsNavigator.swift; sourceTree = "<group>"; };
		FCC63A7E2A06829800F175EB /* SettingStackView.swift */ = {isa = PBXFileReference; lastKnownFileType = sourcecode.swift; path = SettingStackView.swift; sourceTree = "<group>"; };
		FCC63A832A06B67E00F175EB /* SimulationViewModel.swift */ = {isa = PBXFileReference; lastKnownFileType = sourcecode.swift; path = SimulationViewModel.swift; sourceTree = "<group>"; };
		FCC63A872A06B71000F175EB /* SimulationViewModelProtocol.swift */ = {isa = PBXFileReference; lastKnownFileType = sourcecode.swift; path = SimulationViewModelProtocol.swift; sourceTree = "<group>"; };
		FCC63A892A06BCFB00F175EB /* InfectedNumberStackView.swift */ = {isa = PBXFileReference; lastKnownFileType = sourcecode.swift; path = InfectedNumberStackView.swift; sourceTree = "<group>"; };
		FCC63A8B2A07B08D00F175EB /* PersonModel.swift */ = {isa = PBXFileReference; lastKnownFileType = sourcecode.swift; path = PersonModel.swift; sourceTree = "<group>"; };
		FCDC10AC2A0BC36D00896286 /* SimulationNavigator.swift */ = {isa = PBXFileReference; lastKnownFileType = sourcecode.swift; path = SimulationNavigator.swift; sourceTree = "<group>"; };
/* End PBXFileReference section */

/* Begin PBXFrameworksBuildPhase section */
		FCC63A4B2A05326700F175EB /* Frameworks */ = {
			isa = PBXFrameworksBuildPhase;
			buildActionMask = 2147483647;
			files = (
			);
			runOnlyForDeploymentPostprocessing = 0;
		};
/* End PBXFrameworksBuildPhase section */

/* Begin PBXGroup section */
		FCC63A452A05326700F175EB = {
			isa = PBXGroup;
			children = (
				FCC63A502A05326700F175EB /* Epidemix */,
				FCC63A4F2A05326700F175EB /* Products */,
			);
			sourceTree = "<group>";
		};
		FCC63A4F2A05326700F175EB /* Products */ = {
			isa = PBXGroup;
			children = (
				FCC63A4E2A05326700F175EB /* Epidemix.app */,
			);
			name = Products;
			sourceTree = "<group>";
		};
		FCC63A502A05326700F175EB /* Epidemix */ = {
			isa = PBXGroup;
			children = (
				FCC63A512A05326700F175EB /* AppDelegate.swift */,
				FCC63A6E2A06597500F175EB /* Assembly */,
				FCC63A672A06478600F175EB /* Coordinators */,
				FCC63A772A0663D100F175EB /* Settings */,
				FCC63A822A0698AE00F175EB /* Simulation */,
				FCC63A5A2A05326900F175EB /* Assets.xcassets */,
				FCC63A5C2A05326900F175EB /* LaunchScreen.storyboard */,
				FCC63A5F2A05326900F175EB /* Info.plist */,
			);
			path = Epidemix;
			sourceTree = "<group>";
		};
		FCC63A672A06478600F175EB /* Coordinators */ = {
			isa = PBXGroup;
			children = (
				FCC63A682A06479A00F175EB /* Coordinator.swift */,
				FCC63A6A2A0647B200F175EB /* AppCoordinator.swift */,
			);
			path = Coordinators;
			sourceTree = "<group>";
		};
		FCC63A6E2A06597500F175EB /* Assembly */ = {
			isa = PBXGroup;
			children = (
				FCC63A6F2A06599B00F175EB /* SettingsAssembly.swift */,
				FCC63A712A0659A600F175EB /* SimulationAssembly.swift */,
			);
			path = Assembly;
			sourceTree = "<group>";
		};
		FCC63A772A0663D100F175EB /* Settings */ = {
			isa = PBXGroup;
			children = (
				FCC63A7C2A0667A800F175EB /* SettingsNavigator.swift */,
				FCDC10AF2A0BDBE300896286 /* Model */,
				FCC63A802A06978400F175EB /* View */,
				FCC63A812A06978A00F175EB /* ViewModel */,
			);
			path = Settings;
			sourceTree = "<group>";
		};
		FCC63A802A06978400F175EB /* View */ = {
			isa = PBXGroup;
			children = (
				FCC63A6C2A06486C00F175EB /* SettingsViewController.swift */,
				FCC63A7E2A06829800F175EB /* SettingStackView.swift */,
			);
			path = View;
			sourceTree = "<group>";
		};
		FCC63A812A06978A00F175EB /* ViewModel */ = {
			isa = PBXGroup;
			children = (
				FCC63A7A2A06640B00F175EB /* SettingsViewModelProtocol.swift */,
				FCC63A782A0663F100F175EB /* SettingsViewModel.swift */,
			);
			path = ViewModel;
			sourceTree = "<group>";
		};
		FCC63A822A0698AE00F175EB /* Simulation */ = {
			isa = PBXGroup;
			children = (
				FCDC10AC2A0BC36D00896286 /* SimulationNavigator.swift */,
				FCDC10B02A0BDBF800896286 /* Model */,
				FCC63A852A06B6E400F175EB /* View */,
				FCC63A862A06B6F000F175EB /* ViewModel */,
			);
			path = Simulation;
			sourceTree = "<group>";
		};
		FCC63A852A06B6E400F175EB /* View */ = {
			isa = PBXGroup;
			children = (
				FCC63A552A05326700F175EB /* SimulationViewController.swift */,
				FCC63A892A06BCFB00F175EB /* InfectedNumberStackView.swift */,
				FCC63A652A0538FF00F175EB /* SimulationCollectionViewCell.swift */,
			);
			path = View;
			sourceTree = "<group>";
		};
		FCC63A862A06B6F000F175EB /* ViewModel */ = {
			isa = PBXGroup;
			children = (
				FCC63A872A06B71000F175EB /* SimulationViewModelProtocol.swift */,
				FCC63A832A06B67E00F175EB /* SimulationViewModel.swift */,
			);
			path = ViewModel;
			sourceTree = "<group>";
		};
		FCDC10AF2A0BDBE300896286 /* Model */ = {
			isa = PBXGroup;
			children = (
				FCC63A752A06619900F175EB /* SettingsModel.swift */,
			);
			path = Model;
			sourceTree = "<group>";
		};
		FCDC10B02A0BDBF800896286 /* Model */ = {
			isa = PBXGroup;
			children = (
				FCC63A8B2A07B08D00F175EB /* PersonModel.swift */,
			);
			path = Model;
			sourceTree = "<group>";
		};
/* End PBXGroup section */

/* Begin PBXNativeTarget section */
		FCC63A4D2A05326700F175EB /* Epidemix */ = {
			isa = PBXNativeTarget;
			buildConfigurationList = FCC63A622A05326900F175EB /* Build configuration list for PBXNativeTarget "Epidemix" */;
			buildPhases = (
				FCC63A4A2A05326700F175EB /* Sources */,
				FCC63A4B2A05326700F175EB /* Frameworks */,
				FCC63A4C2A05326700F175EB /* Resources */,
			);
			buildRules = (
			);
			dependencies = (
			);
			name = Epidemix;
			productName = Epidemix;
			productReference = FCC63A4E2A05326700F175EB /* Epidemix.app */;
			productType = "com.apple.product-type.application";
		};
/* End PBXNativeTarget section */

/* Begin PBXProject section */
		FCC63A462A05326700F175EB /* Project object */ = {
			isa = PBXProject;
			attributes = {
				BuildIndependentTargetsInParallel = 1;
				LastSwiftUpdateCheck = 1420;
				LastUpgradeCheck = 1420;
				TargetAttributes = {
					FCC63A4D2A05326700F175EB = {
						CreatedOnToolsVersion = 14.2;
					};
				};
			};
			buildConfigurationList = FCC63A492A05326700F175EB /* Build configuration list for PBXProject "Epidemix" */;
			compatibilityVersion = "Xcode 14.0";
			developmentRegion = en;
			hasScannedForEncodings = 0;
			knownRegions = (
				en,
				Base,
			);
			mainGroup = FCC63A452A05326700F175EB;
			productRefGroup = FCC63A4F2A05326700F175EB /* Products */;
			projectDirPath = "";
			projectRoot = "";
			targets = (
				FCC63A4D2A05326700F175EB /* Epidemix */,
			);
		};
/* End PBXProject section */

/* Begin PBXResourcesBuildPhase section */
		FCC63A4C2A05326700F175EB /* Resources */ = {
			isa = PBXResourcesBuildPhase;
			buildActionMask = 2147483647;
			files = (
				FCC63A5E2A05326900F175EB /* LaunchScreen.storyboard in Resources */,
				FCC63A5B2A05326900F175EB /* Assets.xcassets in Resources */,
			);
			runOnlyForDeploymentPostprocessing = 0;
		};
/* End PBXResourcesBuildPhase section */

/* Begin PBXSourcesBuildPhase section */
		FCC63A4A2A05326700F175EB /* Sources */ = {
			isa = PBXSourcesBuildPhase;
			buildActionMask = 2147483647;
			files = (
				FCDC10AD2A0BC36D00896286 /* SimulationNavigator.swift in Sources */,
				FCC63A722A0659A600F175EB /* SimulationAssembly.swift in Sources */,
				FCC63A692A06479A00F175EB /* Coordinator.swift in Sources */,
				FCC63A8C2A07B08D00F175EB /* PersonModel.swift in Sources */,
				FCC63A7D2A0667A800F175EB /* SettingsNavigator.swift in Sources */,
				FCC63A562A05326700F175EB /* SimulationViewController.swift in Sources */,
				FCC63A6B2A0647B200F175EB /* AppCoordinator.swift in Sources */,
				FCC63A842A06B67E00F175EB /* SimulationViewModel.swift in Sources */,
				FCC63A702A06599B00F175EB /* SettingsAssembly.swift in Sources */,
				FCC63A792A0663F100F175EB /* SettingsViewModel.swift in Sources */,
				FCC63A522A05326700F175EB /* AppDelegate.swift in Sources */,
				FCC63A8A2A06BCFB00F175EB /* InfectedNumberStackView.swift in Sources */,
				FCC63A662A0538FF00F175EB /* SimulationCollectionViewCell.swift in Sources */,
				FCC63A762A06619900F175EB /* SettingsModel.swift in Sources */,
				FCC63A7B2A06640B00F175EB /* SettingsViewModelProtocol.swift in Sources */,
				FCC63A6D2A06486C00F175EB /* SettingsViewController.swift in Sources */,
				FCC63A7F2A06829800F175EB /* SettingStackView.swift in Sources */,
				FCC63A882A06B71000F175EB /* SimulationViewModelProtocol.swift in Sources */,
			);
			runOnlyForDeploymentPostprocessing = 0;
		};
/* End PBXSourcesBuildPhase section */

/* Begin PBXVariantGroup section */
		FCC63A5C2A05326900F175EB /* LaunchScreen.storyboard */ = {
			isa = PBXVariantGroup;
			children = (
				FCC63A5D2A05326900F175EB /* Base */,
			);
			name = LaunchScreen.storyboard;
			sourceTree = "<group>";
		};
/* End PBXVariantGroup section */

/* Begin XCBuildConfiguration section */
		FCC63A602A05326900F175EB /* Debug */ = {
			isa = XCBuildConfiguration;
			buildSettings = {
				ALWAYS_SEARCH_USER_PATHS = NO;
				CLANG_ANALYZER_NONNULL = YES;
				CLANG_ANALYZER_NUMBER_OBJECT_CONVERSION = YES_AGGRESSIVE;
				CLANG_CXX_LANGUAGE_STANDARD = "gnu++20";
				CLANG_ENABLE_MODULES = YES;
				CLANG_ENABLE_OBJC_ARC = YES;
				CLANG_ENABLE_OBJC_WEAK = YES;
				CLANG_WARN_BLOCK_CAPTURE_AUTORELEASING = YES;
				CLANG_WARN_BOOL_CONVERSION = YES;
				CLANG_WARN_COMMA = YES;
				CLANG_WARN_CONSTANT_CONVERSION = YES;
				CLANG_WARN_DEPRECATED_OBJC_IMPLEMENTATIONS = YES;
				CLANG_WARN_DIRECT_OBJC_ISA_USAGE = YES_ERROR;
				CLANG_WARN_DOCUMENTATION_COMMENTS = YES;
				CLANG_WARN_EMPTY_BODY = YES;
				CLANG_WARN_ENUM_CONVERSION = YES;
				CLANG_WARN_INFINITE_RECURSION = YES;
				CLANG_WARN_INT_CONVERSION = YES;
				CLANG_WARN_NON_LITERAL_NULL_CONVERSION = YES;
				CLANG_WARN_OBJC_IMPLICIT_RETAIN_SELF = YES;
				CLANG_WARN_OBJC_LITERAL_CONVERSION = YES;
				CLANG_WARN_OBJC_ROOT_CLASS = YES_ERROR;
				CLANG_WARN_QUOTED_INCLUDE_IN_FRAMEWORK_HEADER = YES;
				CLANG_WARN_RANGE_LOOP_ANALYSIS = YES;
				CLANG_WARN_STRICT_PROTOTYPES = YES;
				CLANG_WARN_SUSPICIOUS_MOVE = YES;
				CLANG_WARN_UNGUARDED_AVAILABILITY = YES_AGGRESSIVE;
				CLANG_WARN_UNREACHABLE_CODE = YES;
				CLANG_WARN__DUPLICATE_METHOD_MATCH = YES;
				COPY_PHASE_STRIP = NO;
				DEBUG_INFORMATION_FORMAT = dwarf;
				ENABLE_STRICT_OBJC_MSGSEND = YES;
				ENABLE_TESTABILITY = YES;
				GCC_C_LANGUAGE_STANDARD = gnu11;
				GCC_DYNAMIC_NO_PIC = NO;
				GCC_NO_COMMON_BLOCKS = YES;
				GCC_OPTIMIZATION_LEVEL = 0;
				GCC_PREPROCESSOR_DEFINITIONS = (
					"DEBUG=1",
					"$(inherited)",
				);
				GCC_WARN_64_TO_32_BIT_CONVERSION = YES;
				GCC_WARN_ABOUT_RETURN_TYPE = YES_ERROR;
				GCC_WARN_UNDECLARED_SELECTOR = YES;
				GCC_WARN_UNINITIALIZED_AUTOS = YES_AGGRESSIVE;
				GCC_WARN_UNUSED_FUNCTION = YES;
				GCC_WARN_UNUSED_VARIABLE = YES;
				IPHONEOS_DEPLOYMENT_TARGET = 16.2;
				MTL_ENABLE_DEBUG_INFO = INCLUDE_SOURCE;
				MTL_FAST_MATH = YES;
				ONLY_ACTIVE_ARCH = YES;
				SDKROOT = iphoneos;
				SWIFT_ACTIVE_COMPILATION_CONDITIONS = DEBUG;
				SWIFT_OPTIMIZATION_LEVEL = "-Onone";
			};
			name = Debug;
		};
		FCC63A612A05326900F175EB /* Release */ = {
			isa = XCBuildConfiguration;
			buildSettings = {
				ALWAYS_SEARCH_USER_PATHS = NO;
				CLANG_ANALYZER_NONNULL = YES;
				CLANG_ANALYZER_NUMBER_OBJECT_CONVERSION = YES_AGGRESSIVE;
				CLANG_CXX_LANGUAGE_STANDARD = "gnu++20";
				CLANG_ENABLE_MODULES = YES;
				CLANG_ENABLE_OBJC_ARC = YES;
				CLANG_ENABLE_OBJC_WEAK = YES;
				CLANG_WARN_BLOCK_CAPTURE_AUTORELEASING = YES;
				CLANG_WARN_BOOL_CONVERSION = YES;
				CLANG_WARN_COMMA = YES;
				CLANG_WARN_CONSTANT_CONVERSION = YES;
				CLANG_WARN_DEPRECATED_OBJC_IMPLEMENTATIONS = YES;
				CLANG_WARN_DIRECT_OBJC_ISA_USAGE = YES_ERROR;
				CLANG_WARN_DOCUMENTATION_COMMENTS = YES;
				CLANG_WARN_EMPTY_BODY = YES;
				CLANG_WARN_ENUM_CONVERSION = YES;
				CLANG_WARN_INFINITE_RECURSION = YES;
				CLANG_WARN_INT_CONVERSION = YES;
				CLANG_WARN_NON_LITERAL_NULL_CONVERSION = YES;
				CLANG_WARN_OBJC_IMPLICIT_RETAIN_SELF = YES;
				CLANG_WARN_OBJC_LITERAL_CONVERSION = YES;
				CLANG_WARN_OBJC_ROOT_CLASS = YES_ERROR;
				CLANG_WARN_QUOTED_INCLUDE_IN_FRAMEWORK_HEADER = YES;
				CLANG_WARN_RANGE_LOOP_ANALYSIS = YES;
				CLANG_WARN_STRICT_PROTOTYPES = YES;
				CLANG_WARN_SUSPICIOUS_MOVE = YES;
				CLANG_WARN_UNGUARDED_AVAILABILITY = YES_AGGRESSIVE;
				CLANG_WARN_UNREACHABLE_CODE = YES;
				CLANG_WARN__DUPLICATE_METHOD_MATCH = YES;
				COPY_PHASE_STRIP = NO;
				DEBUG_INFORMATION_FORMAT = "dwarf-with-dsym";
				ENABLE_NS_ASSERTIONS = NO;
				ENABLE_STRICT_OBJC_MSGSEND = YES;
				GCC_C_LANGUAGE_STANDARD = gnu11;
				GCC_NO_COMMON_BLOCKS = YES;
				GCC_WARN_64_TO_32_BIT_CONVERSION = YES;
				GCC_WARN_ABOUT_RETURN_TYPE = YES_ERROR;
				GCC_WARN_UNDECLARED_SELECTOR = YES;
				GCC_WARN_UNINITIALIZED_AUTOS = YES_AGGRESSIVE;
				GCC_WARN_UNUSED_FUNCTION = YES;
				GCC_WARN_UNUSED_VARIABLE = YES;
				IPHONEOS_DEPLOYMENT_TARGET = 16.2;
				MTL_ENABLE_DEBUG_INFO = NO;
				MTL_FAST_MATH = YES;
				SDKROOT = iphoneos;
				SWIFT_COMPILATION_MODE = wholemodule;
				SWIFT_OPTIMIZATION_LEVEL = "-O";
				VALIDATE_PRODUCT = YES;
			};
			name = Release;
		};
		FCC63A632A05326900F175EB /* Debug */ = {
			isa = XCBuildConfiguration;
			buildSettings = {
				ASSETCATALOG_COMPILER_APPICON_NAME = AppIcon;
				ASSETCATALOG_COMPILER_GLOBAL_ACCENT_COLOR_NAME = AccentColor;
				CODE_SIGN_STYLE = Automatic;
				CURRENT_PROJECT_VERSION = 1;
				DEVELOPMENT_TEAM = 8QGJJ7998A;
				GENERATE_INFOPLIST_FILE = YES;
				INFOPLIST_FILE = Epidemix/Info.plist;
				INFOPLIST_KEY_UIApplicationSupportsIndirectInputEvents = YES;
				INFOPLIST_KEY_UILaunchStoryboardName = LaunchScreen;
				INFOPLIST_KEY_UISupportedInterfaceOrientations = UIInterfaceOrientationPortrait;
				INFOPLIST_KEY_UISupportedInterfaceOrientations_iPad = "UIInterfaceOrientationLandscapeLeft UIInterfaceOrientationLandscapeRight UIInterfaceOrientationPortrait UIInterfaceOrientationPortraitUpsideDown";
				IPHONEOS_DEPLOYMENT_TARGET = 15.0;
				LD_RUNPATH_SEARCH_PATHS = (
					"$(inherited)",
					"@executable_path/Frameworks",
				);
				MARKETING_VERSION = 1.0;
				PRODUCT_BUNDLE_IDENTIFIER = com.zhakhinarden.Epidemix;
				PRODUCT_NAME = "$(TARGET_NAME)";
				SUPPORTED_PLATFORMS = "iphoneos iphonesimulator";
				SUPPORTS_MACCATALYST = NO;
				SUPPORTS_MAC_DESIGNED_FOR_IPHONE_IPAD = NO;
				SWIFT_EMIT_LOC_STRINGS = YES;
				SWIFT_VERSION = 5.0;
				TARGETED_DEVICE_FAMILY = 1;
			};
			name = Debug;
		};
		FCC63A642A05326900F175EB /* Release */ = {
			isa = XCBuildConfiguration;
			buildSettings = {
				ASSETCATALOG_COMPILER_APPICON_NAME = AppIcon;
				ASSETCATALOG_COMPILER_GLOBAL_ACCENT_COLOR_NAME = AccentColor;
				CODE_SIGN_STYLE = Automatic;
				CURRENT_PROJECT_VERSION = 1;
				DEVELOPMENT_TEAM = 8QGJJ7998A;
				GENERATE_INFOPLIST_FILE = YES;
				INFOPLIST_FILE = Epidemix/Info.plist;
				INFOPLIST_KEY_UIApplicationSupportsIndirectInputEvents = YES;
				INFOPLIST_KEY_UILaunchStoryboardName = LaunchScreen;
				INFOPLIST_KEY_UISupportedInterfaceOrientations = UIInterfaceOrientationPortrait;
				INFOPLIST_KEY_UISupportedInterfaceOrientations_iPad = "UIInterfaceOrientationLandscapeLeft UIInterfaceOrientationLandscapeRight UIInterfaceOrientationPortrait UIInterfaceOrientationPortraitUpsideDown";
				IPHONEOS_DEPLOYMENT_TARGET = 15.0;
				LD_RUNPATH_SEARCH_PATHS = (
					"$(inherited)",
					"@executable_path/Frameworks",
				);
				MARKETING_VERSION = 1.0;
				PRODUCT_BUNDLE_IDENTIFIER = com.zhakhinarden.Epidemix;
				PRODUCT_NAME = "$(TARGET_NAME)";
				SUPPORTED_PLATFORMS = "iphoneos iphonesimulator";
				SUPPORTS_MACCATALYST = NO;
				SUPPORTS_MAC_DESIGNED_FOR_IPHONE_IPAD = NO;
				SWIFT_EMIT_LOC_STRINGS = YES;
				SWIFT_VERSION = 5.0;
				TARGETED_DEVICE_FAMILY = 1;
			};
			name = Release;
		};
/* End XCBuildConfiguration section */

/* Begin XCConfigurationList section */
		FCC63A492A05326700F175EB /* Build configuration list for PBXProject "Epidemix" */ = {
			isa = XCConfigurationList;
			buildConfigurations = (
				FCC63A602A05326900F175EB /* Debug */,
				FCC63A612A05326900F175EB /* Release */,
			);
			defaultConfigurationIsVisible = 0;
			defaultConfigurationName = Release;
		};
		FCC63A622A05326900F175EB /* Build configuration list for PBXNativeTarget "Epidemix" */ = {
			isa = XCConfigurationList;
			buildConfigurations = (
				FCC63A632A05326900F175EB /* Debug */,
				FCC63A642A05326900F175EB /* Release */,
			);
			defaultConfigurationIsVisible = 0;
			defaultConfigurationName = Release;
		};
/* End XCConfigurationList section */
	};
	rootObject = FCC63A462A05326700F175EB /* Project object */;
}
